
Microsoft Visual Studio Solution File, Format Version 12.00
# Visual Studio 15
VisualStudioVersion = 15.0.28307.106
MinimumVisualStudioVersion = 10.0.40219.1
Project("{9A19103F-16F7-4668-BE54-9A1E7A4F7556}") = "Estoque.Web", "Estoque.Web\Estoque.Web.csproj", "{555604D6-BE99-4313-A2F4-A6F9400F4413}"
EndProject
Project("{9A19103F-16F7-4668-BE54-9A1E7A4F7556}") = "Estoque.DAL", "Estoque.DAL\Estoque.DAL.csproj", "{BD590D7B-F771-46E9-9F8B-9A8D154390EB}"
EndProject
Global
	GlobalSection(SolutionConfigurationPlatforms) = preSolution
		Debug|Any CPU = Debug|Any CPU
		Release|Any CPU = Release|Any CPU
	EndGlobalSection
	GlobalSection(ProjectConfigurationPlatforms) = postSolution
		{555604D6-BE99-4313-A2F4-A6F9400F4413}.Debug|Any CPU.ActiveCfg = Debug|Any CPU
		{555604D6-BE99-4313-A2F4-A6F9400F4413}.Debug|Any CPU.Build.0 = Debug|Any CPU
		{555604D6-BE99-4313-A2F4-A6F9400F4413}.Release|Any CPU.ActiveCfg = Release|Any CPU
		{555604D6-BE99-4313-A2F4-A6F9400F4413}.Release|Any CPU.Build.0 = Release|Any CPU
		{BD590D7B-F771-46E9-9F8B-9A8D154390EB}.Debug|Any CPU.ActiveCfg = Debug|Any CPU
		{BD590D7B-F771-46E9-9F8B-9A8D154390EB}.Debug|Any CPU.Build.0 = Debug|Any CPU
		{BD590D7B-F771-46E9-9F8B-9A8D154390EB}.Release|Any CPU.ActiveCfg = Release|Any CPU
		{BD590D7B-F771-46E9-9F8B-9A8D154390EB}.Release|Any CPU.Build.0 = Release|Any CPU
	EndGlobalSection
	GlobalSection(SolutionProperties) = preSolution
		HideSolutionNode = FALSE
	EndGlobalSection
	GlobalSection(ExtensibilityGlobals) = postSolution
		SolutionGuid = {CD0C1028-A867-43A9-8B13-FCEE19343FB8}
	EndGlobalSection
EndGlobal
